
Microsoft Visual Studio Solution File, Format Version 12.00
# Visual Studio Version 17
VisualStudioVersion = 17.5.002.0
MinimumVisualStudioVersion = 10.0.40219.1
Project("{9A19103F-16F7-4668-BE54-9A1E7A4F7556}") = "src", "src\src.csproj", "{B0FC7B57-71C6-4509-AA4C-A4E7BAB1802A}"
EndProject
Global
	GlobalSection(SolutionConfigurationPlatforms) = preSolution
		Debug|Any CPU = Debug|Any CPU
		Release|Any CPU = Release|Any CPU
	EndGlobalSection
	GlobalSection(ProjectConfigurationPlatforms) = postSolution
		{B0FC7B57-71C6-4509-AA4C-A4E7BAB1802A}.Debug|Any CPU.ActiveCfg = Debug|Any CPU
		{B0FC7B57-71C6-4509-AA4C-A4E7BAB1802A}.Debug|Any CPU.Build.0 = Debug|Any CPU
		{B0FC7B57-71C6-4509-AA4C-A4E7BAB1802A}.Release|Any CPU.ActiveCfg = Release|Any CPU
		{B0FC7B57-71C6-4509-AA4C-A4E7BAB1802A}.Release|Any CPU.Build.0 = Release|Any CPU
	EndGlobalSection
	GlobalSection(SolutionProperties) = preSolution
		HideSolutionNode = FALSE
	EndGlobalSection
	GlobalSection(ExtensibilityGlobals) = postSolution
		SolutionGuid = {9EAC8062-A6A9-42FD-B9DA-3CAFDBC9EED0}
	EndGlobalSection
EndGlobal
